// !$*UTF8*$!
{
	archiveVersion = 1;
	classes = {
	};
	objectVersion = 46;
	objects = {

/* Begin PBXBuildFile section */
		0739C36C1CE63565003C95B4 /* QuarryPageContentViewController.swift in Sources */ = {isa = PBXBuildFile; fileRef = 0739C36B1CE63565003C95B4 /* QuarryPageContentViewController.swift */; };
		075F056F1CD4C7A6006626FA /* AppDelegate.swift in Sources */ = {isa = PBXBuildFile; fileRef = 075F056E1CD4C7A6006626FA /* AppDelegate.swift */; };
		075F05741CD4C7A6006626FA /* Main.storyboard in Resources */ = {isa = PBXBuildFile; fileRef = 075F05721CD4C7A6006626FA /* Main.storyboard */; };
		075F05761CD4C7A6006626FA /* Assets.xcassets in Resources */ = {isa = PBXBuildFile; fileRef = 075F05751CD4C7A6006626FA /* Assets.xcassets */; };
		075F05791CD4C7A6006626FA /* LaunchScreen.storyboard in Resources */ = {isa = PBXBuildFile; fileRef = 075F05771CD4C7A6006626FA /* LaunchScreen.storyboard */; };
		075F05841CD4C7A6006626FA /* QuarryTests.swift in Sources */ = {isa = PBXBuildFile; fileRef = 075F05831CD4C7A6006626FA /* QuarryTests.swift */; };
		075F058F1CD4C7A6006626FA /* QuarryUITests.swift in Sources */ = {isa = PBXBuildFile; fileRef = 075F058E1CD4C7A6006626FA /* QuarryUITests.swift */; };
		075F05A31CD54C8C006626FA /* QuarryCollectionViewController.swift in Sources */ = {isa = PBXBuildFile; fileRef = 075F05A21CD54C8C006626FA /* QuarryCollectionViewController.swift */; };
		075F05A51CD55516006626FA /* QuarryCollectionViewCell.swift in Sources */ = {isa = PBXBuildFile; fileRef = 075F05A41CD55516006626FA /* QuarryCollectionViewCell.swift */; };
		076A31F31CEE157800A95407 /* QuarryPageViewController.swift in Sources */ = {isa = PBXBuildFile; fileRef = 076A31F21CEE157800A95407 /* QuarryPageViewController.swift */; };
		076A31F91CEF0E4B00A95407 /* page1.png in Resources */ = {isa = PBXBuildFile; fileRef = 076A31F51CEF0E4B00A95407 /* page1.png */; };
		076A31FA1CEF0E4B00A95407 /* page2.png in Resources */ = {isa = PBXBuildFile; fileRef = 076A31F61CEF0E4B00A95407 /* page2.png */; };
		076A31FB1CEF0E4B00A95407 /* page3.png in Resources */ = {isa = PBXBuildFile; fileRef = 076A31F71CEF0E4B00A95407 /* page3.png */; };
		076A31FC1CEF0E4B00A95407 /* page4.png in Resources */ = {isa = PBXBuildFile; fileRef = 076A31F81CEF0E4B00A95407 /* page4.png */; };
/* End PBXBuildFile section */

/* Begin PBXContainerItemProxy section */
		075F05801CD4C7A6006626FA /* PBXContainerItemProxy */ = {
			isa = PBXContainerItemProxy;
			containerPortal = 075F05631CD4C7A5006626FA /* Project object */;
			proxyType = 1;
			remoteGlobalIDString = 075F056A1CD4C7A5006626FA;
			remoteInfo = Quarry;
		};
		075F058B1CD4C7A6006626FA /* PBXContainerItemProxy */ = {
			isa = PBXContainerItemProxy;
			containerPortal = 075F05631CD4C7A5006626FA /* Project object */;
			proxyType = 1;
			remoteGlobalIDString = 075F056A1CD4C7A5006626FA;
			remoteInfo = Quarry;
		};
/* End PBXContainerItemProxy section */

/* Begin PBXFileReference section */
		0739C36B1CE63565003C95B4 /* QuarryPageContentViewController.swift */ = {isa = PBXFileReference; fileEncoding = 4; lastKnownFileType = sourcecode.swift; path = QuarryPageContentViewController.swift; sourceTree = "<group>"; };
		075F056B1CD4C7A5006626FA /* Quarry.app */ = {isa = PBXFileReference; explicitFileType = wrapper.application; includeInIndex = 0; path = Quarry.app; sourceTree = BUILT_PRODUCTS_DIR; };
		075F056E1CD4C7A6006626FA /* AppDelegate.swift */ = {isa = PBXFileReference; lastKnownFileType = sourcecode.swift; path = AppDelegate.swift; sourceTree = "<group>"; };
		075F05731CD4C7A6006626FA /* Base */ = {isa = PBXFileReference; lastKnownFileType = file.storyboard; name = Base; path = Base.lproj/Main.storyboard; sourceTree = "<group>"; };
		075F05751CD4C7A6006626FA /* Assets.xcassets */ = {isa = PBXFileReference; lastKnownFileType = folder.assetcatalog; path = Assets.xcassets; sourceTree = "<group>"; };
		075F05781CD4C7A6006626FA /* Base */ = {isa = PBXFileReference; lastKnownFileType = file.storyboard; name = Base; path = Base.lproj/LaunchScreen.storyboard; sourceTree = "<group>"; };
		075F057A1CD4C7A6006626FA /* Info.plist */ = {isa = PBXFileReference; lastKnownFileType = text.plist.xml; path = Info.plist; sourceTree = "<group>"; };
		075F057F1CD4C7A6006626FA /* QuarryTests.xctest */ = {isa = PBXFileReference; explicitFileType = wrapper.cfbundle; includeInIndex = 0; path = QuarryTests.xctest; sourceTree = BUILT_PRODUCTS_DIR; };
		075F05831CD4C7A6006626FA /* QuarryTests.swift */ = {isa = PBXFileReference; lastKnownFileType = sourcecode.swift; path = QuarryTests.swift; sourceTree = "<group>"; };
		075F05851CD4C7A6006626FA /* Info.plist */ = {isa = PBXFileReference; lastKnownFileType = text.plist.xml; path = Info.plist; sourceTree = "<group>"; };
		075F058A1CD4C7A6006626FA /* QuarryUITests.xctest */ = {isa = PBXFileReference; explicitFileType = wrapper.cfbundle; includeInIndex = 0; path = QuarryUITests.xctest; sourceTree = BUILT_PRODUCTS_DIR; };
		075F058E1CD4C7A6006626FA /* QuarryUITests.swift */ = {isa = PBXFileReference; lastKnownFileType = sourcecode.swift; path = QuarryUITests.swift; sourceTree = "<group>"; };
		075F05901CD4C7A6006626FA /* Info.plist */ = {isa = PBXFileReference; lastKnownFileType = text.plist.xml; path = Info.plist; sourceTree = "<group>"; };
		075F05A21CD54C8C006626FA /* QuarryCollectionViewController.swift */ = {isa = PBXFileReference; fileEncoding = 4; lastKnownFileType = sourcecode.swift; path = QuarryCollectionViewController.swift; sourceTree = "<group>"; };
		075F05A41CD55516006626FA /* QuarryCollectionViewCell.swift */ = {isa = PBXFileReference; fileEncoding = 4; lastKnownFileType = sourcecode.swift; path = QuarryCollectionViewCell.swift; sourceTree = "<group>"; };
		076A31F21CEE157800A95407 /* QuarryPageViewController.swift */ = {isa = PBXFileReference; fileEncoding = 4; lastKnownFileType = sourcecode.swift; path = QuarryPageViewController.swift; sourceTree = "<group>"; };
		076A31F51CEF0E4B00A95407 /* page1.png */ = {isa = PBXFileReference; lastKnownFileType = image.png; path = page1.png; sourceTree = "<group>"; };
		076A31F61CEF0E4B00A95407 /* page2.png */ = {isa = PBXFileReference; lastKnownFileType = image.png; path = page2.png; sourceTree = "<group>"; };
		076A31F71CEF0E4B00A95407 /* page3.png */ = {isa = PBXFileReference; lastKnownFileType = image.png; path = page3.png; sourceTree = "<group>"; };
		076A31F81CEF0E4B00A95407 /* page4.png */ = {isa = PBXFileReference; lastKnownFileType = image.png; path = page4.png; sourceTree = "<group>"; };
/* End PBXFileReference section */

/* Begin PBXFrameworksBuildPhase section */
		075F05681CD4C7A5006626FA /* Frameworks */ = {
			isa = PBXFrameworksBuildPhase;
			buildActionMask = 2147483647;
			files = (
			);
			runOnlyForDeploymentPostprocessing = 0;
		};
		075F057C1CD4C7A6006626FA /* Frameworks */ = {
			isa = PBXFrameworksBuildPhase;
			buildActionMask = 2147483647;
			files = (
			);
			runOnlyForDeploymentPostprocessing = 0;
		};
		075F05871CD4C7A6006626FA /* Frameworks */ = {
			isa = PBXFrameworksBuildPhase;
			buildActionMask = 2147483647;
			files = (
			);
			runOnlyForDeploymentPostprocessing = 0;
		};
/* End PBXFrameworksBuildPhase section */

/* Begin PBXGroup section */
		075F05621CD4C7A5006626FA = {
			isa = PBXGroup;
			children = (
				075F056D1CD4C7A6006626FA /* Quarry */,
				075F05821CD4C7A6006626FA /* QuarryTests */,
				075F058D1CD4C7A6006626FA /* QuarryUITests */,
				075F056C1CD4C7A5006626FA /* Products */,
			);
			sourceTree = "<group>";
		};
		075F056C1CD4C7A5006626FA /* Products */ = {
			isa = PBXGroup;
			children = (
				075F056B1CD4C7A5006626FA /* Quarry.app */,
				075F057F1CD4C7A6006626FA /* QuarryTests.xctest */,
				075F058A1CD4C7A6006626FA /* QuarryUITests.xctest */,
			);
			name = Products;
			sourceTree = "<group>";
		};
		075F056D1CD4C7A6006626FA /* Quarry */ = {
			isa = PBXGroup;
			children = (
				076A31F41CEF0E2F00A95407 /* Images */,
				075F056E1CD4C7A6006626FA /* AppDelegate.swift */,
				075F05A21CD54C8C006626FA /* QuarryCollectionViewController.swift */,
				075F05A41CD55516006626FA /* QuarryCollectionViewCell.swift */,
				075F05721CD4C7A6006626FA /* Main.storyboard */,
				075F05751CD4C7A6006626FA /* Assets.xcassets */,
				075F05771CD4C7A6006626FA /* LaunchScreen.storyboard */,
				075F057A1CD4C7A6006626FA /* Info.plist */,
				0739C36B1CE63565003C95B4 /* QuarryPageContentViewController.swift */,
				076A31F21CEE157800A95407 /* QuarryPageViewController.swift */,
			);
			path = Quarry;
			sourceTree = "<group>";
		};
		075F05821CD4C7A6006626FA /* QuarryTests */ = {
			isa = PBXGroup;
			children = (
				075F05831CD4C7A6006626FA /* QuarryTests.swift */,
				075F05851CD4C7A6006626FA /* Info.plist */,
			);
			path = QuarryTests;
			sourceTree = "<group>";
		};
		075F058D1CD4C7A6006626FA /* QuarryUITests */ = {
			isa = PBXGroup;
			children = (
				075F058E1CD4C7A6006626FA /* QuarryUITests.swift */,
				075F05901CD4C7A6006626FA /* Info.plist */,
			);
			path = QuarryUITests;
			sourceTree = "<group>";
		};
		076A31F41CEF0E2F00A95407 /* Images */ = {
			isa = PBXGroup;
			children = (
				076A31F51CEF0E4B00A95407 /* page1.png */,
				076A31F61CEF0E4B00A95407 /* page2.png */,
				076A31F71CEF0E4B00A95407 /* page3.png */,
				076A31F81CEF0E4B00A95407 /* page4.png */,
			);
			name = Images;
			sourceTree = "<group>";
		};
/* End PBXGroup section */

/* Begin PBXNativeTarget section */
		075F056A1CD4C7A5006626FA /* Quarry */ = {
			isa = PBXNativeTarget;
			buildConfigurationList = 075F05931CD4C7A6006626FA /* Build configuration list for PBXNativeTarget "Quarry" */;
			buildPhases = (
				075F05671CD4C7A5006626FA /* Sources */,
				075F05681CD4C7A5006626FA /* Frameworks */,
				075F05691CD4C7A5006626FA /* Resources */,
			);
			buildRules = (
			);
			dependencies = (
			);
			name = Quarry;
			productName = Quarry;
			productReference = 075F056B1CD4C7A5006626FA /* Quarry.app */;
			productType = "com.apple.product-type.application";
		};
		075F057E1CD4C7A6006626FA /* QuarryTests */ = {
			isa = PBXNativeTarget;
			buildConfigurationList = 075F05961CD4C7A6006626FA /* Build configuration list for PBXNativeTarget "QuarryTests" */;
			buildPhases = (
				075F057B1CD4C7A6006626FA /* Sources */,
				075F057C1CD4C7A6006626FA /* Frameworks */,
				075F057D1CD4C7A6006626FA /* Resources */,
			);
			buildRules = (
			);
			dependencies = (
				075F05811CD4C7A6006626FA /* PBXTargetDependency */,
			);
			name = QuarryTests;
			productName = QuarryTests;
			productReference = 075F057F1CD4C7A6006626FA /* QuarryTests.xctest */;
			productType = "com.apple.product-type.bundle.unit-test";
		};
		075F05891CD4C7A6006626FA /* QuarryUITests */ = {
			isa = PBXNativeTarget;
			buildConfigurationList = 075F05991CD4C7A6006626FA /* Build configuration list for PBXNativeTarget "QuarryUITests" */;
			buildPhases = (
				075F05861CD4C7A6006626FA /* Sources */,
				075F05871CD4C7A6006626FA /* Frameworks */,
				075F05881CD4C7A6006626FA /* Resources */,
			);
			buildRules = (
			);
			dependencies = (
				075F058C1CD4C7A6006626FA /* PBXTargetDependency */,
			);
			name = QuarryUITests;
			productName = QuarryUITests;
			productReference = 075F058A1CD4C7A6006626FA /* QuarryUITests.xctest */;
			productType = "com.apple.product-type.bundle.ui-testing";
		};
/* End PBXNativeTarget section */

/* Begin PBXProject section */
		075F05631CD4C7A5006626FA /* Project object */ = {
			isa = PBXProject;
			attributes = {
				LastSwiftUpdateCheck = 0730;
				LastUpgradeCheck = 0730;
				ORGANIZATIONNAME = "NTT DATA";
				TargetAttributes = {
					075F056A1CD4C7A5006626FA = {
						CreatedOnToolsVersion = 7.3;
					};
					075F057E1CD4C7A6006626FA = {
						CreatedOnToolsVersion = 7.3;
						TestTargetID = 075F056A1CD4C7A5006626FA;
					};
					075F05891CD4C7A6006626FA = {
						CreatedOnToolsVersion = 7.3;
						TestTargetID = 075F056A1CD4C7A5006626FA;
					};
				};
			};
			buildConfigurationList = 075F05661CD4C7A5006626FA /* Build configuration list for PBXProject "Quarry" */;
			compatibilityVersion = "Xcode 3.2";
			developmentRegion = English;
			hasScannedForEncodings = 0;
			knownRegions = (
				en,
				Base,
			);
			mainGroup = 075F05621CD4C7A5006626FA;
			productRefGroup = 075F056C1CD4C7A5006626FA /* Products */;
			projectDirPath = "";
			projectRoot = "";
			targets = (
				075F056A1CD4C7A5006626FA /* Quarry */,
				075F057E1CD4C7A6006626FA /* QuarryTests */,
				075F05891CD4C7A6006626FA /* QuarryUITests */,
			);
		};
/* End PBXProject section */

/* Begin PBXResourcesBuildPhase section */
		075F05691CD4C7A5006626FA /* Resources */ = {
			isa = PBXResourcesBuildPhase;
			buildActionMask = 2147483647;
			files = (
				075F05791CD4C7A6006626FA /* LaunchScreen.storyboard in Resources */,
				075F05761CD4C7A6006626FA /* Assets.xcassets in Resources */,
				076A31FB1CEF0E4B00A95407 /* page3.png in Resources */,
				076A31FC1CEF0E4B00A95407 /* page4.png in Resources */,
				076A31F91CEF0E4B00A95407 /* page1.png in Resources */,
				075F05741CD4C7A6006626FA /* Main.storyboard in Resources */,
				076A31FA1CEF0E4B00A95407 /* page2.png in Resources */,
			);
			runOnlyForDeploymentPostprocessing = 0;
		};
		075F057D1CD4C7A6006626FA /* Resources */ = {
			isa = PBXResourcesBuildPhase;
			buildActionMask = 2147483647;
			files = (
			);
			runOnlyForDeploymentPostprocessing = 0;
		};
		075F05881CD4C7A6006626FA /* Resources */ = {
			isa = PBXResourcesBuildPhase;
			buildActionMask = 2147483647;
			files = (
			);
			runOnlyForDeploymentPostprocessing = 0;
		};
/* End PBXResourcesBuildPhase section */

/* Begin PBXSourcesBuildPhase section */
		075F05671CD4C7A5006626FA /* Sources */ = {
			isa = PBXSourcesBuildPhase;
			buildActionMask = 2147483647;
			files = (
				075F05A51CD55516006626FA /* QuarryCollectionViewCell.swift in Sources */,
				076A31F31CEE157800A95407 /* QuarryPageViewController.swift in Sources */,
				075F05A31CD54C8C006626FA /* QuarryCollectionViewController.swift in Sources */,
				0739C36C1CE63565003C95B4 /* QuarryPageContentViewController.swift in Sources */,
				075F056F1CD4C7A6006626FA /* AppDelegate.swift in Sources */,
			);
			runOnlyForDeploymentPostprocessing = 0;
		};
		075F057B1CD4C7A6006626FA /* Sources */ = {
			isa = PBXSourcesBuildPhase;
			buildActionMask = 2147483647;
			files = (
				075F05841CD4C7A6006626FA /* QuarryTests.swift in Sources */,
			);
			runOnlyForDeploymentPostprocessing = 0;
		};
		075F05861CD4C7A6006626FA /* Sources */ = {
			isa = PBXSourcesBuildPhase;
			buildActionMask = 2147483647;
			files = (
				075F058F1CD4C7A6006626FA /* QuarryUITests.swift in Sources */,
			);
			runOnlyForDeploymentPostprocessing = 0;
		};
/* End PBXSourcesBuildPhase section */

/* Begin PBXTargetDependency section */
		075F05811CD4C7A6006626FA /* PBXTargetDependency */ = {
			isa = PBXTargetDependency;
			target = 075F056A1CD4C7A5006626FA /* Quarry */;
			targetProxy = 075F05801CD4C7A6006626FA /* PBXContainerItemProxy */;
		};
		075F058C1CD4C7A6006626FA /* PBXTargetDependency */ = {
			isa = PBXTargetDependency;
			target = 075F056A1CD4C7A5006626FA /* Quarry */;
			targetProxy = 075F058B1CD4C7A6006626FA /* PBXContainerItemProxy */;
		};
/* End PBXTargetDependency section */

/* Begin PBXVariantGroup section */
		075F05721CD4C7A6006626FA /* Main.storyboard */ = {
			isa = PBXVariantGroup;
			children = (
				075F05731CD4C7A6006626FA /* Base */,
			);
			name = Main.storyboard;
			sourceTree = "<group>";
		};
		075F05771CD4C7A6006626FA /* LaunchScreen.storyboard */ = {
			isa = PBXVariantGroup;
			children = (
				075F05781CD4C7A6006626FA /* Base */,
			);
			name = LaunchScreen.storyboard;
			sourceTree = "<group>";
		};
/* End PBXVariantGroup section */

/* Begin XCBuildConfiguration section */
		075F05911CD4C7A6006626FA /* Debug */ = {
			isa = XCBuildConfiguration;
			buildSettings = {
				ALWAYS_SEARCH_USER_PATHS = NO;
				CLANG_ANALYZER_NONNULL = YES;
				CLANG_CXX_LANGUAGE_STANDARD = "gnu++0x";
				CLANG_CXX_LIBRARY = "libc++";
				CLANG_ENABLE_MODULES = YES;
				CLANG_ENABLE_OBJC_ARC = YES;
				CLANG_WARN_BOOL_CONVERSION = YES;
				CLANG_WARN_CONSTANT_CONVERSION = YES;
				CLANG_WARN_DIRECT_OBJC_ISA_USAGE = YES_ERROR;
				CLANG_WARN_EMPTY_BODY = YES;
				CLANG_WARN_ENUM_CONVERSION = YES;
				CLANG_WARN_INT_CONVERSION = YES;
				CLANG_WARN_OBJC_ROOT_CLASS = YES_ERROR;
				CLANG_WARN_UNREACHABLE_CODE = YES;
				CLANG_WARN__DUPLICATE_METHOD_MATCH = YES;
				CODE_SIGN_IDENTITY = "iPhone Developer: Venkatesh Kurapati (CA24B2HMYA)";
				"CODE_SIGN_IDENTITY[sdk=iphoneos*]" = "iPhone Developer: Venkatesh Kurapati (CA24B2HMYA)";
				COPY_PHASE_STRIP = NO;
				DEBUG_INFORMATION_FORMAT = dwarf;
				ENABLE_STRICT_OBJC_MSGSEND = YES;
				ENABLE_TESTABILITY = YES;
				GCC_C_LANGUAGE_STANDARD = gnu99;
				GCC_DYNAMIC_NO_PIC = NO;
				GCC_NO_COMMON_BLOCKS = YES;
				GCC_OPTIMIZATION_LEVEL = 0;
				GCC_PREPROCESSOR_DEFINITIONS = (
					"DEBUG=1",
					"$(inherited)",
				);
				GCC_WARN_64_TO_32_BIT_CONVERSION = YES;
				GCC_WARN_ABOUT_RETURN_TYPE = YES_ERROR;
				GCC_WARN_UNDECLARED_SELECTOR = YES;
				GCC_WARN_UNINITIALIZED_AUTOS = YES_AGGRESSIVE;
				GCC_WARN_UNUSED_FUNCTION = YES;
				GCC_WARN_UNUSED_VARIABLE = YES;
				IPHONEOS_DEPLOYMENT_TARGET = 9.3;
				MTL_ENABLE_DEBUG_INFO = YES;
				ONLY_ACTIVE_ARCH = YES;
				PROVISIONING_PROFILE = "4ed0ca6c-8e64-4e47-b43c-ffd50cb7937b";
				SDKROOT = iphoneos;
				SWIFT_OPTIMIZATION_LEVEL = "-Onone";
				TARGETED_DEVICE_FAMILY = "1,2";
			};
			name = Debug;
		};
		075F05921CD4C7A6006626FA /* Release */ = {
			isa = XCBuildConfiguration;
			buildSettings = {
				ALWAYS_SEARCH_USER_PATHS = NO;
				CLANG_ANALYZER_NONNULL = YES;
				CLANG_CXX_LANGUAGE_STANDARD = "gnu++0x";
				CLANG_CXX_LIBRARY = "libc++";
				CLANG_ENABLE_MODULES = YES;
				CLANG_ENABLE_OBJC_ARC = YES;
				CLANG_WARN_BOOL_CONVERSION = YES;
				CLANG_WARN_CONSTANT_CONVERSION = YES;
				CLANG_WARN_DIRECT_OBJC_ISA_USAGE = YES_ERROR;
				CLANG_WARN_EMPTY_BODY = YES;
				CLANG_WARN_ENUM_CONVERSION = YES;
				CLANG_WARN_INT_CONVERSION = YES;
				CLANG_WARN_OBJC_ROOT_CLASS = YES_ERROR;
				CLANG_WARN_UNREACHABLE_CODE = YES;
				CLANG_WARN__DUPLICATE_METHOD_MATCH = YES;
				CODE_SIGN_IDENTITY = "iPhone Developer: Venkatesh Kurapati (CA24B2HMYA)";
				"CODE_SIGN_IDENTITY[sdk=iphoneos*]" = "iPhone Developer: Venkatesh Kurapati (CA24B2HMYA)";
				COPY_PHASE_STRIP = NO;
				DEBUG_INFORMATION_FORMAT = "dwarf-with-dsym";
				ENABLE_NS_ASSERTIONS = NO;
				ENABLE_STRICT_OBJC_MSGSEND = YES;
				GCC_C_LANGUAGE_STANDARD = gnu99;
				GCC_NO_COMMON_BLOCKS = YES;
				GCC_WARN_64_TO_32_BIT_CONVERSION = YES;
				GCC_WARN_ABOUT_RETURN_TYPE = YES_ERROR;
				GCC_WARN_UNDECLARED_SELECTOR = YES;
				GCC_WARN_UNINITIALIZED_AUTOS = YES_AGGRESSIVE;
				GCC_WARN_UNUSED_FUNCTION = YES;
				GCC_WARN_UNUSED_VARIABLE = YES;
				IPHONEOS_DEPLOYMENT_TARGET = 9.3;
				MTL_ENABLE_DEBUG_INFO = NO;
				PROVISIONING_PROFILE = "4ed0ca6c-8e64-4e47-b43c-ffd50cb7937b";
				SDKROOT = iphoneos;
				TARGETED_DEVICE_FAMILY = "1,2";
				VALIDATE_PRODUCT = YES;
			};
			name = Release;
		};
		075F05941CD4C7A6006626FA /* Debug */ = {
			isa = XCBuildConfiguration;
			buildSettings = {
				ASSETCATALOG_COMPILER_APPICON_NAME = AppIcon;
				INFOPLIST_FILE = Quarry/Info.plist;
				LD_RUNPATH_SEARCH_PATHS = "$(inherited) @executable_path/Frameworks";
				PRODUCT_BUNDLE_IDENTIFIER = com.mobilecoeuk.Quarry;
				PRODUCT_NAME = "$(TARGET_NAME)";
			};
			name = Debug;
		};
		075F05951CD4C7A6006626FA /* Release */ = {
			isa = XCBuildConfiguration;
			buildSettings = {
				ASSETCATALOG_COMPILER_APPICON_NAME = AppIcon;
				INFOPLIST_FILE = Quarry/Info.plist;
				LD_RUNPATH_SEARCH_PATHS = "$(inherited) @executable_path/Frameworks";
				PRODUCT_BUNDLE_IDENTIFIER = com.mobilecoeuk.Quarry;
				PRODUCT_NAME = "$(TARGET_NAME)";
			};
			name = Release;
		};
		075F05971CD4C7A6006626FA /* Debug */ = {
			isa = XCBuildConfiguration;
			buildSettings = {
				BUNDLE_LOADER = "$(TEST_HOST)";
				INFOPLIST_FILE = QuarryTests/Info.plist;
				LD_RUNPATH_SEARCH_PATHS = "$(inherited) @executable_path/Frameworks @loader_path/Frameworks";
				PRODUCT_BUNDLE_IDENTIFIER = com.mobilecoeuk.QuarryTests;
				PRODUCT_NAME = "$(TARGET_NAME)";
				TEST_HOST = "$(BUILT_PRODUCTS_DIR)/Quarry.app/Quarry";
			};
			name = Debug;
		};
		075F05981CD4C7A6006626FA /* Release */ = {
			isa = XCBuildConfiguration;
			buildSettings = {
				BUNDLE_LOADER = "$(TEST_HOST)";
				INFOPLIST_FILE = QuarryTests/Info.plist;
				LD_RUNPATH_SEARCH_PATHS = "$(inherited) @executable_path/Frameworks @loader_path/Frameworks";
				PRODUCT_BUNDLE_IDENTIFIER = com.mobilecoeuk.QuarryTests;
				PRODUCT_NAME = "$(TARGET_NAME)";
				TEST_HOST = "$(BUILT_PRODUCTS_DIR)/Quarry.app/Quarry";
			};
			name = Release;
		};
		075F059A1CD4C7A6006626FA /* Debug */ = {
			isa = XCBuildConfiguration;
			buildSettings = {
				INFOPLIST_FILE = QuarryUITests/Info.plist;
				LD_RUNPATH_SEARCH_PATHS = "$(inherited) @executable_path/Frameworks @loader_path/Frameworks";
				PRODUCT_BUNDLE_IDENTIFIER = com.mobilecoeuk.QuarryUITests;
				PRODUCT_NAME = "$(TARGET_NAME)";
				TEST_TARGET_NAME = Quarry;
			};
			name = Debug;
		};
		075F059B1CD4C7A6006626FA /* Release */ = {
			isa = XCBuildConfiguration;
			buildSettings = {
				INFOPLIST_FILE = QuarryUITests/Info.plist;
				LD_RUNPATH_SEARCH_PATHS = "$(inherited) @executable_path/Frameworks @loader_path/Frameworks";
				PRODUCT_BUNDLE_IDENTIFIER = com.mobilecoeuk.QuarryUITests;
				PRODUCT_NAME = "$(TARGET_NAME)";
				TEST_TARGET_NAME = Quarry;
			};
			name = Release;
		};
/* End XCBuildConfiguration section */

/* Begin XCConfigurationList section */
		075F05661CD4C7A5006626FA /* Build configuration list for PBXProject "Quarry" */ = {
			isa = XCConfigurationList;
			buildConfigurations = (
				075F05911CD4C7A6006626FA /* Debug */,
				075F05921CD4C7A6006626FA /* Release */,
			);
			defaultConfigurationIsVisible = 0;
			defaultConfigurationName = Release;
		};
		075F05931CD4C7A6006626FA /* Build configuration list for PBXNativeTarget "Quarry" */ = {
			isa = XCConfigurationList;
			buildConfigurations = (
				075F05941CD4C7A6006626FA /* Debug */,
				075F05951CD4C7A6006626FA /* Release */,
			);
			defaultConfigurationIsVisible = 0;
			defaultConfigurationName = Release;
		};
		075F05961CD4C7A6006626FA /* Build configuration list for PBXNativeTarget "QuarryTests" */ = {
			isa = XCConfigurationList;
			buildConfigurations = (
				075F05971CD4C7A6006626FA /* Debug */,
				075F05981CD4C7A6006626FA /* Release */,
			);
			defaultConfigurationIsVisible = 0;
			defaultConfigurationName = Release;
		};
		075F05991CD4C7A6006626FA /* Build configuration list for PBXNativeTarget "QuarryUITests" */ = {
			isa = XCConfigurationList;
			buildConfigurations = (
				075F059A1CD4C7A6006626FA /* Debug */,
				075F059B1CD4C7A6006626FA /* Release */,
			);
			defaultConfigurationIsVisible = 0;
			defaultConfigurationName = Release;
		};
/* End XCConfigurationList section */
	};
	rootObject = 075F05631CD4C7A5006626FA /* Project object */;
}
